
Microsoft Visual Studio Solution File, Format Version 12.00
# Visual Studio Version 17
VisualStudioVersion = 17.8.34525.116
MinimumVisualStudioVersion = 10.0.40219.1
Project("{8BC9CEB8-8B4A-11D0-8D11-00A0C91BC942}") = "ConceptsAndCoroutines", "ConceptsAndCoroutines\ConceptsAndCoroutines.vcxproj", "{A3A7576C-B6B3-4408-9875-ED5768D03945}"
EndProject
Project("{8BC9CEB8-8B4A-11D0-8D11-00A0C91BC942}") = "ConsoleApplication1", "ConsoleApplication1\ConsoleApplication1.vcxproj", "{686F45DB-2C80-4D30-9AA8-35A202CC139A}"
EndProject
Global
	GlobalSection(SolutionConfigurationPlatforms) = preSolution
		Debug|x64 = Debug|x64
		Debug|x86 = Debug|x86
		Release|x64 = Release|x64
		Release|x86 = Release|x86
	EndGlobalSection
	GlobalSection(ProjectConfigurationPlatforms) = postSolution
		{A3A7576C-B6B3-4408-9875-ED5768D03945}.Debug|x64.ActiveCfg = Debug|x64
		{A3A7576C-B6B3-4408-9875-ED5768D03945}.Debug|x64.Build.0 = Debug|x64
		{A3A7576C-B6B3-4408-9875-ED5768D03945}.Debug|x86.ActiveCfg = Debug|Win32
		{A3A7576C-B6B3-4408-9875-ED5768D03945}.Debug|x86.Build.0 = Debug|Win32
		{A3A7576C-B6B3-4408-9875-ED5768D03945}.Release|x64.ActiveCfg = Release|x64
		{A3A7576C-B6B3-4408-9875-ED5768D03945}.Release|x64.Build.0 = Release|x64
		{A3A7576C-B6B3-4408-9875-ED5768D03945}.Release|x86.ActiveCfg = Release|Win32
		{A3A7576C-B6B3-4408-9875-ED5768D03945}.Release|x86.Build.0 = Release|Win32
		{686F45DB-2C80-4D30-9AA8-35A202CC139A}.Debug|x64.ActiveCfg = Debug|x64
		{686F45DB-2C80-4D30-9AA8-35A202CC139A}.Debug|x64.Build.0 = Debug|x64
		{686F45DB-2C80-4D30-9AA8-35A202CC139A}.Debug|x86.ActiveCfg = Debug|Win32
		{686F45DB-2C80-4D30-9AA8-35A202CC139A}.Debug|x86.Build.0 = Debug|Win32
		{686F45DB-2C80-4D30-9AA8-35A202CC139A}.Release|x64.ActiveCfg = Release|x64
		{686F45DB-2C80-4D30-9AA8-35A202CC139A}.Release|x64.Build.0 = Release|x64
		{686F45DB-2C80-4D30-9AA8-35A202CC139A}.Release|x86.ActiveCfg = Release|Win32
		{686F45DB-2C80-4D30-9AA8-35A202CC139A}.Release|x86.Build.0 = Release|Win32
	EndGlobalSection
	GlobalSection(SolutionProperties) = preSolution
		HideSolutionNode = FALSE
	EndGlobalSection
	GlobalSection(ExtensibilityGlobals) = postSolution
		SolutionGuid = {24C072BD-C7EB-4AA6-B0E1-28B018DEB7AF}
	EndGlobalSection
EndGlobal
