
Microsoft Visual Studio Solution File, Format Version 12.00
# Visual Studio Version 17
VisualStudioVersion = 17.8.34525.116
MinimumVisualStudioVersion = 10.0.40219.1
Project("{8BC9CEB8-8B4A-11D0-8D11-00A0C91BC942}") = "DolphinCode1", "DolphinCode1.vcxproj", "{48914366-A796-454E-979B-E41895958B36}"
EndProject
Global
	GlobalSection(SolutionConfigurationPlatforms) = preSolution
		Debug|x64 = Debug|x64
		Debug|x86 = Debug|x86
		Release|x64 = Release|x64
		Release|x86 = Release|x86
	EndGlobalSection
	GlobalSection(ProjectConfigurationPlatforms) = postSolution
		{48914366-A796-454E-979B-E41895958B36}.Debug|x64.ActiveCfg = Debug|x64
		{48914366-A796-454E-979B-E41895958B36}.Debug|x64.Build.0 = Debug|x64
		{48914366-A796-454E-979B-E41895958B36}.Debug|x86.ActiveCfg = Debug|Win32
		{48914366-A796-454E-979B-E41895958B36}.Debug|x86.Build.0 = Debug|Win32
		{48914366-A796-454E-979B-E41895958B36}.Release|x64.ActiveCfg = Release|x64
		{48914366-A796-454E-979B-E41895958B36}.Release|x64.Build.0 = Release|x64
		{48914366-A796-454E-979B-E41895958B36}.Release|x86.ActiveCfg = Release|Win32
		{48914366-A796-454E-979B-E41895958B36}.Release|x86.Build.0 = Release|Win32
	EndGlobalSection
	GlobalSection(SolutionProperties) = preSolution
		HideSolutionNode = FALSE
	EndGlobalSection
	GlobalSection(ExtensibilityGlobals) = postSolution
		SolutionGuid = {510D8094-9041-465A-BDDA-EB5F19AD2FCA}
	EndGlobalSection
EndGlobal
